
Microsoft Visual Studio Solution File, Format Version 12.00
# Visual Studio 2015
Project("{FAE04EC0-301F-11D3-BF4B-00C04F79EFBC}") = "Unity-Demos.CSharp", "Unity-Demos.CSharp.csproj", "{95F70CDC-96E5-630A-6F76-A3C9CDD2553F}"
EndProject
Global
	GlobalSection(SolutionConfigurationPlatforms) = preSolution
		Debug|Any CPU = Debug|Any CPU
		Release|Any CPU = Release|Any CPU
	EndGlobalSection
	GlobalSection(ProjectConfigurationPlatforms) = postSolution
		{95F70CDC-96E5-630A-6F76-A3C9CDD2553F}.Debug|Any CPU.ActiveCfg = Debug|Any CPU
		{95F70CDC-96E5-630A-6F76-A3C9CDD2553F}.Debug|Any CPU.Build.0 = Debug|Any CPU
		{95F70CDC-96E5-630A-6F76-A3C9CDD2553F}.Release|Any CPU.ActiveCfg = Release|Any CPU
		{95F70CDC-96E5-630A-6F76-A3C9CDD2553F}.Release|Any CPU.Build.0 = Release|Any CPU
	EndGlobalSection
	GlobalSection(SolutionProperties) = preSolution
		HideSolutionNode = FALSE
	EndGlobalSection
EndGlobal
